{
  "name": "hell_",
  "version": "0.0.1",
  "lockfileVersion": 1,
  "requires": true,
  "dependencies": {
    "@magikcraft/core": {
      "version": "0.2.0",
      "resolved": "https://registry.npmjs.org/@magikcraft/core/-/core-0.2.0.tgz",
      "integrity": "sha512-+yA0BQn3hk/fxPr1dS0HE2eUVoOdaMz1P1dIUgn2cwJXetH2M3QBJmZikMCIk4iBXl12MiOJ03pxMMU86vR+hg==",
      "requires": {
        "typescript": "^3.7.3"
      }
    },
    "typescript": {
      "version": "3.9.7",
      "resolved": "https://registry.npmjs.org/typescript/-/typescript-3.9.7.tgz",
      "integrity": "sha512-BLbiRkiBzAwsjut4x/dsibSTB6yWpwT5qWmC2OfuCg3GgVQCSgMs4vEctYPhsaGtd0AeuuHMkjZ2h2WG8MSzRw=="
    }
  }
}
